%{"amqp_client": {:git, "https://github.com/d0rc/amqp_client.git", "16b6c421139dba0a34d6c1e26f56c1dde5057a7f", []},
  "base64url": {:hex, :base64url, "0.0.1"},
  "certifi": {:hex, :certifi, "0.3.0"},
  "combine": {:hex, :combine, "0.7.0"},
  "comeonin": {:hex, :comeonin, "2.2.0"},
  "connection": {:hex, :connection, "1.0.2"},
  "cowboy": {:hex, :cowboy, "1.0.4"},
  "cowlib": {:hex, :cowlib, "1.0.2"},
  "db_connection": {:hex, :db_connection, "0.2.4"},
  "decimal": {:hex, :decimal, "1.1.1"},
  "ecto": {:hex, :ecto, "1.1.5"},
  "ex_machina": {:hex, :ex_machina, "0.6.1"},
  "exrabbit": {:git, "https://github.com/d0rc/exrabbit.git", "7767573123bdfdd54361d5c4093cab9c918422b4", []},
  "fs": {:hex, :fs, "0.9.2"},
  "gettext": {:hex, :gettext, "0.9.0"},
  "hackney": {:hex, :hackney, "1.4.8"},
  "idna": {:hex, :idna, "1.0.3"},
  "jazz": {:git, "https://github.com/meh/jazz.git", "49f335492aca5516495199dd81dd18b845ebaa69", []},
  "joken": {:hex, :joken, "1.1.0"},
  "jose": {:hex, :jose, "1.7.3"},
  "mimerl": {:hex, :mimerl, "1.0.2"},
  "phoenix": {:hex, :phoenix, "1.1.4"},
  "phoenix_ecto": {:hex, :phoenix_ecto, "2.0.1"},
  "phoenix_html": {:hex, :phoenix_html, "2.5.0"},
  "phoenix_live_reload": {:hex, :phoenix_live_reload, "1.0.3"},
  "plug": {:hex, :plug, "1.1.2"},
  "poison": {:hex, :poison, "1.5.2"},
  "poolboy": {:hex, :poolboy, "1.5.1"},
  "postgrex": {:hex, :postgrex, "0.11.1"},
  "rabbit_common": {:git, "git://github.com/issuu/rabbit_common.git", "e3484d3ea4d9b57ae12da58c5c9dcf529a686139", [tag: "v3.3.0"]},
  "ranch": {:hex, :ranch, "1.2.1"},
  "scrivener": {:hex, :scrivener, "1.1.2"},
  "secure_random": {:hex, :secure_random, "0.2.0"},
  "ssl_verify_hostname": {:hex, :ssl_verify_hostname, "1.0.5"},
  "sweetconfig": {:git, "https://github.com/d0rc/sweetconfig.git", "3db367262b10f0488cb826b0664eff2383ae99f9", []},
  "timex": {:hex, :timex, "1.0.1"},
  "tzdata": {:hex, :tzdata, "0.5.6"},
  "yamler": {:git, "https://github.com/goertzenator/yamler.git", "f878be95ef03e281ccabf9cc105122cf74c0bf24", [branch: "mapping_as_map"]}}
